# This file is automatically @generated by Cargo.
# It is not intended for manual editing.
version = 3

[[package]]
name = "anyhow"
version = "1.0.75"
source = "registry+https://github.com/rust-lang/crates.io-index"
checksum = "a4668cab20f66d8d020e1fbc0ebe47217433c1b6c8f2040faf858554e394ace6"

[[package]]
name = "aya-bpf"
version = "0.1.0"
source = "git+https://github.com/aya-rs/aya?rev=761e4ddbe3abf8b9177ebd6984465fe66696728a#761e4ddbe3abf8b9177ebd6984465fe66696728a"
dependencies = [
 "aya-bpf-bindings",
 "aya-bpf-cty 0.2.1 (git+https://github.com/aya-rs/aya?rev=761e4ddbe3abf8b9177ebd6984465fe66696728a)",
 "aya-bpf-macros",
 "rustversion",
]

[[package]]
name = "aya-bpf-bindings"
version = "0.1.0"
source = "git+https://github.com/aya-rs/aya?rev=761e4ddbe3abf8b9177ebd6984465fe66696728a#761e4ddbe3abf8b9177ebd6984465fe66696728a"
dependencies = [
 "aya-bpf-cty 0.2.1 (git+https://github.com/aya-rs/aya?rev=761e4ddbe3abf8b9177ebd6984465fe66696728a)",
]

[[package]]
name = "aya-bpf-cty"
version = "0.2.1"
source = "git+https://github.com/aya-rs/aya?rev=761e4ddbe3abf8b9177ebd6984465fe66696728a#761e4ddbe3abf8b9177ebd6984465fe66696728a"

[[package]]
name = "aya-bpf-cty"
version = "0.2.1"
source = "git+https://github.com/aya-rs/aya#c130500f18943b380e66ab6286c051f9548c47d0"

[[package]]
name = "aya-bpf-macros"
version = "0.1.0"
source = "git+https://github.com/aya-rs/aya?rev=761e4ddbe3abf8b9177ebd6984465fe66696728a#761e4ddbe3abf8b9177ebd6984465fe66696728a"
dependencies = [
 "proc-macro-error",
 "proc-macro2",
 "quote",
 "syn",
]

[[package]]
name = "aya-log-common"
version = "0.1.13"
source = "git+https://github.com/aya-rs/aya?rev=761e4ddbe3abf8b9177ebd6984465fe66696728a#761e4ddbe3abf8b9177ebd6984465fe66696728a"
dependencies = [
 "num_enum",
]

[[package]]
name = "aya-log-ebpf"
version = "0.1.0"
source = "git+https://github.com/aya-rs/aya?rev=761e4ddbe3abf8b9177ebd6984465fe66696728a#761e4ddbe3abf8b9177ebd6984465fe66696728a"
dependencies = [
 "aya-bpf",
 "aya-log-common",
 "aya-log-ebpf-macros",
]

[[package]]
name = "aya-log-ebpf-macros"
version = "0.1.0"
source = "git+https://github.com/aya-rs/aya?rev=761e4ddbe3abf8b9177ebd6984465fe66696728a#761e4ddbe3abf8b9177ebd6984465fe66696728a"
dependencies = [
 "aya-log-common",
 "aya-log-parser",
 "proc-macro2",
 "quote",
 "syn",
]

[[package]]
name = "aya-log-parser"
version = "0.1.11-dev.0"
source = "git+https://github.com/aya-rs/aya?rev=761e4ddbe3abf8b9177ebd6984465fe66696728a#761e4ddbe3abf8b9177ebd6984465fe66696728a"
dependencies = [
 "aya-log-common",
]

[[package]]
name = "bpf-builder"
version = "0.6.0"
dependencies = [
 "anyhow",
]

[[package]]
name = "num_enum"
version = "0.6.1"
source = "registry+https://github.com/rust-lang/crates.io-index"
checksum = "7a015b430d3c108a207fd776d2e2196aaf8b1cf8cf93253e3a097ff3085076a1"
dependencies = [
 "num_enum_derive",
]

[[package]]
name = "num_enum_derive"
version = "0.6.1"
source = "registry+https://github.com/rust-lang/crates.io-index"
checksum = "96667db765a921f7b295ffee8b60472b686a51d4f21c2ee4ffdb94c7013b65a6"
dependencies = [
 "proc-macro2",
 "quote",
 "syn",
]

[[package]]
name = "proc-macro-error"
version = "1.0.4"
source = "registry+https://github.com/rust-lang/crates.io-index"
checksum = "da25490ff9892aab3fcf7c36f08cfb902dd3e71ca0f9f9517bea02a73a5ce38c"
dependencies = [
 "proc-macro-error-attr",
 "proc-macro2",
 "quote",
 "version_check",
]

[[package]]
name = "proc-macro-error-attr"
version = "1.0.4"
source = "registry+https://github.com/rust-lang/crates.io-index"
checksum = "a1be40180e52ecc98ad80b184934baf3d0d29f979574e439af5a55274b35f869"
dependencies = [
 "proc-macro2",
 "quote",
 "version_check",
]

[[package]]
name = "proc-macro2"
version = "1.0.67"
source = "registry+https://github.com/rust-lang/crates.io-index"
checksum = "3d433d9f1a3e8c1263d9456598b16fec66f4acc9a74dacffd35c7bb09b3a1328"
dependencies = [
 "unicode-ident",
]

[[package]]
name = "process-monitor-bpf"
version = "0.1.0"
dependencies = [
 "anyhow",
 "aya-bpf",
 "aya-log-ebpf",
 "bpf-builder",
 "process-monitor-events",
]

[[package]]
name = "process-monitor-events"
version = "0.6.0"
dependencies = [
 "aya-bpf-cty 0.2.1 (git+https://github.com/aya-rs/aya)",
]

[[package]]
name = "quote"
version = "1.0.33"
source = "registry+https://github.com/rust-lang/crates.io-index"
checksum = "5267fca4496028628a95160fc423a33e8b2e6af8a5302579e322e4b520293cae"
dependencies = [
 "proc-macro2",
]

[[package]]
name = "rustversion"
version = "1.0.14"
source = "registry+https://github.com/rust-lang/crates.io-index"
checksum = "7ffc183a10b4478d04cbbbfc96d0873219d962dd5accaff2ffbd4ceb7df837f4"

[[package]]
name = "syn"
version = "2.0.33"
source = "registry+https://github.com/rust-lang/crates.io-index"
checksum = "9caece70c63bfba29ec2fed841a09851b14a235c60010fa4de58089b6c025668"
dependencies = [
 "proc-macro2",
 "quote",
 "unicode-ident",
]

[[package]]
name = "unicode-ident"
version = "1.0.12"
source = "registry+https://github.com/rust-lang/crates.io-index"
checksum = "3354b9ac3fae1ff6755cb6db53683adb661634f67557942dea4facebec0fee4b"

[[package]]
name = "version_check"
version = "0.9.4"
source = "registry+https://github.com/rust-lang/crates.io-index"
checksum = "49874b5167b65d7193b8aba1567f5c7d93d001cafc34600cee003eda787e483f"
